{
  "name": "motogp",
  "version": "1.0.0",
  "lockfileVersion": 3,
  "requires": true,
  "packages": {
    "": {
      "name": "motogp",
      "version": "1.0.0",
      "license": "ISC",
      "devDependencies": {
        "prettier": "^3.9.8",
        "prettier-plugin-mustache": "^0.2.2"
      }
    },
    "node_modules/prettier": {
      "version": "3.9.8",
      "resolved": "https://registry.npmjs.org/prettier/-/prettier-3.9.8.tgz",
      "integrity": "sha512-WRFq3Wn3WId7LLROfMLdH7xaFr2jR62wU8nLO6rQUOLOxNZUviyJQs1M0iIhLexSFy+L+w0ch66wtoO2jRjG0A==",
      "dev": true,
      "license": "MIT",
      "bin": {
        "prettier": "bin/prettier.cjs"
      },
      "engines": {
        "node": ">=14"
      },
      "funding": {
        "url": "https://github.com/prettier/prettier?sponsor=1"
      }
    },
    "node_modules/prettier-plugin-mustache": {
      "version": "0.2.2",
      "resolved": "https://registry.npmjs.org/prettier-plugin-mustache/-/prettier-plugin-mustache-0.2.2.tgz",
      "integrity": "sha512-uyKmCmfUTvZgTbmrsQuhYRQ0ljrVRRBO5fuZhBaLgv8cTTXHgjYVR1+HcdY7S+ViiyVS0z5jSOvDpc2M29MY7w==",
      "dev": true,
      "license": "MIT",
      "dependencies": {
        "template-format-core": "^0.2.0"
      },
      "engines": {
        "node": ">=18"
      },
      "peerDependencies": {
        "prettier": ">=3.0.0"
      }
    },
    "node_modules/template-format-core": {
      "version": "0.2.0",
      "resolved": "https://registry.npmjs.org/template-format-core/-/template-format-core-0.2.0.tgz",
      "integrity": "sha512-jdrBDhV7SW06qm8uL10PaU8yJchqCp22JIMNpJoW+SSiWhAyiqcBLkp1m+x1Ww7YzTtRhp01hmZ3XHmJje2BwQ==",
      "dev": true,
      "license": "MIT",
      "engines": {
        "node": ">=18"
      },
      "peerDependencies": {
        "prettier": ">=3.0.0"
      },
      "peerDependenciesMeta": {
        "prettier": {
          "optional": true
        }
      }
    }
  }
}
